// !$*UTF8*$!
{
	archiveVersion = 1;
	classes = {
	};
	objectVersion = 56;
	objects = {

/* Begin PBXBuildFile section */
		1DB58654292839C100E51DB6 /* WeatherAppApp.swift in Sources */ = {isa = PBXBuildFile; fileRef = 1DB58653292839C100E51DB6 /* WeatherAppApp.swift */; };
		1DB58656292839C100E51DB6 /* ContentView.swift in Sources */ = {isa = PBXBuildFile; fileRef = 1DB58655292839C100E51DB6 /* ContentView.swift */; };
		1DB58658292839C200E51DB6 /* Assets.xcassets in Resources */ = {isa = PBXBuildFile; fileRef = 1DB58657292839C200E51DB6 /* Assets.xcassets */; };
		1DB5865B292839C200E51DB6 /* Preview Assets.xcassets in Resources */ = {isa = PBXBuildFile; fileRef = 1DB5865A292839C200E51DB6 /* Preview Assets.xcassets */; };
		1DB5866329283B5400E51DB6 /* LocationManager.swift in Sources */ = {isa = PBXBuildFile; fileRef = 1DB5866229283B5400E51DB6 /* LocationManager.swift */; };
		1DB5866629283CEC00E51DB6 /* WelcomeView.swift in Sources */ = {isa = PBXBuildFile; fileRef = 1DB5866529283CEC00E51DB6 /* WelcomeView.swift */; };
		1DB5866829283E6F00E51DB6 /* LoadingView.swift in Sources */ = {isa = PBXBuildFile; fileRef = 1DB5866729283E6F00E51DB6 /* LoadingView.swift */; };
		1DB5866A29283FA700E51DB6 /* WeatherManager.swift in Sources */ = {isa = PBXBuildFile; fileRef = 1DB5866929283FA700E51DB6 /* WeatherManager.swift */; };
		1DB5866C2928414000E51DB6 /* WeatherView.swift in Sources */ = {isa = PBXBuildFile; fileRef = 1DB5866B2928414000E51DB6 /* WeatherView.swift */; };
		1DB5866E292844D500E51DB6 /* ModelData.swift in Sources */ = {isa = PBXBuildFile; fileRef = 1DB5866D292844D500E51DB6 /* ModelData.swift */; };
		1DB586702928450E00E51DB6 /* WeatherData.json in Resources */ = {isa = PBXBuildFile; fileRef = 1DB5866F2928450E00E51DB6 /* WeatherData.json */; };
		1DB58672292848E700E51DB6 /* Extensions.swift in Sources */ = {isa = PBXBuildFile; fileRef = 1DB58671292848E700E51DB6 /* Extensions.swift */; };
		1DB58675292849F700E51DB6 /* WeatherRow.swift in Sources */ = {isa = PBXBuildFile; fileRef = 1DB58674292849F700E51DB6 /* WeatherRow.swift */; };
/* End PBXBuildFile section */

/* Begin PBXFileReference section */
		1DB58650292839C100E51DB6 /* WeatherApp.app */ = {isa = PBXFileReference; explicitFileType = wrapper.application; includeInIndex = 0; path = WeatherApp.app; sourceTree = BUILT_PRODUCTS_DIR; };
		1DB58653292839C100E51DB6 /* WeatherAppApp.swift */ = {isa = PBXFileReference; lastKnownFileType = sourcecode.swift; path = WeatherAppApp.swift; sourceTree = "<group>"; };
		1DB58655292839C100E51DB6 /* ContentView.swift */ = {isa = PBXFileReference; lastKnownFileType = sourcecode.swift; path = ContentView.swift; sourceTree = "<group>"; };
		1DB58657292839C200E51DB6 /* Assets.xcassets */ = {isa = PBXFileReference; lastKnownFileType = folder.assetcatalog; path = Assets.xcassets; sourceTree = "<group>"; };
		1DB5865A292839C200E51DB6 /* Preview Assets.xcassets */ = {isa = PBXFileReference; lastKnownFileType = folder.assetcatalog; path = "Preview Assets.xcassets"; sourceTree = "<group>"; };
		1DB5866229283B5400E51DB6 /* LocationManager.swift */ = {isa = PBXFileReference; lastKnownFileType = sourcecode.swift; path = LocationManager.swift; sourceTree = "<group>"; };
		1DB5866529283CEC00E51DB6 /* WelcomeView.swift */ = {isa = PBXFileReference; lastKnownFileType = sourcecode.swift; path = WelcomeView.swift; sourceTree = "<group>"; };
		1DB5866729283E6F00E51DB6 /* LoadingView.swift */ = {isa = PBXFileReference; lastKnownFileType = sourcecode.swift; path = LoadingView.swift; sourceTree = "<group>"; };
		1DB5866929283FA700E51DB6 /* WeatherManager.swift */ = {isa = PBXFileReference; lastKnownFileType = sourcecode.swift; path = WeatherManager.swift; sourceTree = "<group>"; };
		1DB5866B2928414000E51DB6 /* WeatherView.swift */ = {isa = PBXFileReference; lastKnownFileType = sourcecode.swift; path = WeatherView.swift; sourceTree = "<group>"; };
		1DB5866D292844D500E51DB6 /* ModelData.swift */ = {isa = PBXFileReference; lastKnownFileType = sourcecode.swift; path = ModelData.swift; sourceTree = "<group>"; };
		1DB5866F2928450E00E51DB6 /* WeatherData.json */ = {isa = PBXFileReference; lastKnownFileType = text.json; path = WeatherData.json; sourceTree = "<group>"; };
		1DB58671292848E700E51DB6 /* Extensions.swift */ = {isa = PBXFileReference; lastKnownFileType = sourcecode.swift; path = Extensions.swift; sourceTree = "<group>"; };
		1DB58674292849F700E51DB6 /* WeatherRow.swift */ = {isa = PBXFileReference; lastKnownFileType = sourcecode.swift; path = WeatherRow.swift; sourceTree = "<group>"; };
/* End PBXFileReference section */

/* Begin PBXFrameworksBuildPhase section */
		1DB5864D292839C100E51DB6 /* Frameworks */ = {
			isa = PBXFrameworksBuildPhase;
			buildActionMask = 2147483647;
			files = (
			);
			runOnlyForDeploymentPostprocessing = 0;
		};
/* End PBXFrameworksBuildPhase section */

/* Begin PBXGroup section */
		1DB58647292839C100E51DB6 = {
			isa = PBXGroup;
			children = (
				1DB58652292839C100E51DB6 /* WeatherApp */,
				1DB58651292839C100E51DB6 /* Products */,
			);
			sourceTree = "<group>";
		};
		1DB58651292839C100E51DB6 /* Products */ = {
			isa = PBXGroup;
			children = (
				1DB58650292839C100E51DB6 /* WeatherApp.app */,
			);
			name = Products;
			sourceTree = "<group>";
		};
		1DB58652292839C100E51DB6 /* WeatherApp */ = {
			isa = PBXGroup;
			children = (
				1DB58673292849A500E51DB6 /* Components */,
				1DB58653292839C100E51DB6 /* WeatherAppApp.swift */,
				1DB58671292848E700E51DB6 /* Extensions.swift */,
				1DB5866429283C0200E51DB6 /* Views */,
				1DB5866129283B2F00E51DB6 /* Manager */,
				1DB58657292839C200E51DB6 /* Assets.xcassets */,
				1DB58659292839C200E51DB6 /* Preview Content */,
			);
			path = WeatherApp;
			sourceTree = "<group>";
		};
		1DB58659292839C200E51DB6 /* Preview Content */ = {
			isa = PBXGroup;
			children = (
				1DB5865A292839C200E51DB6 /* Preview Assets.xcassets */,
				1DB5866D292844D500E51DB6 /* ModelData.swift */,
				1DB5866F2928450E00E51DB6 /* WeatherData.json */,
			);
			path = "Preview Content";
			sourceTree = "<group>";
		};
		1DB5866129283B2F00E51DB6 /* Manager */ = {
			isa = PBXGroup;
			children = (
				1DB5866229283B5400E51DB6 /* LocationManager.swift */,
				1DB5866929283FA700E51DB6 /* WeatherManager.swift */,
			);
			path = Manager;
			sourceTree = "<group>";
		};
		1DB5866429283C0200E51DB6 /* Views */ = {
			isa = PBXGroup;
			children = (
				1DB58655292839C100E51DB6 /* ContentView.swift */,
				1DB5866529283CEC00E51DB6 /* WelcomeView.swift */,
				1DB5866729283E6F00E51DB6 /* LoadingView.swift */,
				1DB5866B2928414000E51DB6 /* WeatherView.swift */,
			);
			path = Views;
			sourceTree = "<group>";
		};
		1DB58673292849A500E51DB6 /* Components */ = {
			isa = PBXGroup;
			children = (
				1DB58674292849F700E51DB6 /* WeatherRow.swift */,
			);
			path = Components;
			sourceTree = "<group>";
		};
/* End PBXGroup section */

/* Begin PBXNativeTarget section */
		1DB5864F292839C100E51DB6 /* WeatherApp */ = {
			isa = PBXNativeTarget;
			buildConfigurationList = 1DB5865E292839C200E51DB6 /* Build configuration list for PBXNativeTarget "WeatherApp" */;
			buildPhases = (
				1DB5864C292839C100E51DB6 /* Sources */,
				1DB5864D292839C100E51DB6 /* Frameworks */,
				1DB5864E292839C100E51DB6 /* Resources */,
			);
			buildRules = (
			);
			dependencies = (
			);
			name = WeatherApp;
			productName = WeatherApp;
			productReference = 1DB58650292839C100E51DB6 /* WeatherApp.app */;
			productType = "com.apple.product-type.application";
		};
/* End PBXNativeTarget section */

/* Begin PBXProject section */
		1DB58648292839C100E51DB6 /* Project object */ = {
			isa = PBXProject;
			attributes = {
				BuildIndependentTargetsInParallel = 1;
				LastSwiftUpdateCheck = 1410;
				LastUpgradeCheck = 1410;
				TargetAttributes = {
					1DB5864F292839C100E51DB6 = {
						CreatedOnToolsVersion = 14.1;
					};
				};
			};
			buildConfigurationList = 1DB5864B292839C100E51DB6 /* Build configuration list for PBXProject "WeatherApp" */;
			compatibilityVersion = "Xcode 14.0";
			developmentRegion = en;
			hasScannedForEncodings = 0;
			knownRegions = (
				en,
				Base,
			);
			mainGroup = 1DB58647292839C100E51DB6;
			productRefGroup = 1DB58651292839C100E51DB6 /* Products */;
			projectDirPath = "";
			projectRoot = "";
			targets = (
				1DB5864F292839C100E51DB6 /* WeatherApp */,
			);
		};
/* End PBXProject section */

/* Begin PBXResourcesBuildPhase section */
		1DB5864E292839C100E51DB6 /* Resources */ = {
			isa = PBXResourcesBuildPhase;
			buildActionMask = 2147483647;
			files = (
				1DB586702928450E00E51DB6 /* WeatherData.json in Resources */,
				1DB5865B292839C200E51DB6 /* Preview Assets.xcassets in Resources */,
				1DB58658292839C200E51DB6 /* Assets.xcassets in Resources */,
			);
			runOnlyForDeploymentPostprocessing = 0;
		};
/* End PBXResourcesBuildPhase section */

/* Begin PBXSourcesBuildPhase section */
		1DB5864C292839C100E51DB6 /* Sources */ = {
			isa = PBXSourcesBuildPhase;
			buildActionMask = 2147483647;
			files = (
				1DB5866A29283FA700E51DB6 /* WeatherManager.swift in Sources */,
				1DB58672292848E700E51DB6 /* Extensions.swift in Sources */,
				1DB58656292839C100E51DB6 /* ContentView.swift in Sources */,
				1DB58654292839C100E51DB6 /* WeatherAppApp.swift in Sources */,
				1DB5866329283B5400E51DB6 /* LocationManager.swift in Sources */,
				1DB58675292849F700E51DB6 /* WeatherRow.swift in Sources */,
				1DB5866829283E6F00E51DB6 /* LoadingView.swift in Sources */,
				1DB5866E292844D500E51DB6 /* ModelData.swift in Sources */,
				1DB5866C2928414000E51DB6 /* WeatherView.swift in Sources */,
				1DB5866629283CEC00E51DB6 /* WelcomeView.swift in Sources */,
			);
			runOnlyForDeploymentPostprocessing = 0;
		};
/* End PBXSourcesBuildPhase section */

/* Begin XCBuildConfiguration section */
		1DB5865C292839C200E51DB6 /* Debug */ = {
			isa = XCBuildConfiguration;
			buildSettings = {
				ALWAYS_SEARCH_USER_PATHS = NO;
				CLANG_ANALYZER_NONNULL = YES;
				CLANG_ANALYZER_NUMBER_OBJECT_CONVERSION = YES_AGGRESSIVE;
				CLANG_CXX_LANGUAGE_STANDARD = "gnu++20";
				CLANG_ENABLE_MODULES = YES;
				CLANG_ENABLE_OBJC_ARC = YES;
				CLANG_ENABLE_OBJC_WEAK = YES;
				CLANG_WARN_BLOCK_CAPTURE_AUTORELEASING = YES;
				CLANG_WARN_BOOL_CONVERSION = YES;
				CLANG_WARN_COMMA = YES;
				CLANG_WARN_CONSTANT_CONVERSION = YES;
				CLANG_WARN_DEPRECATED_OBJC_IMPLEMENTATIONS = YES;
				CLANG_WARN_DIRECT_OBJC_ISA_USAGE = YES_ERROR;
				CLANG_WARN_DOCUMENTATION_COMMENTS = YES;
				CLANG_WARN_EMPTY_BODY = YES;
				CLANG_WARN_ENUM_CONVERSION = YES;
				CLANG_WARN_INFINITE_RECURSION = YES;
				CLANG_WARN_INT_CONVERSION = YES;
				CLANG_WARN_NON_LITERAL_NULL_CONVERSION = YES;
				CLANG_WARN_OBJC_IMPLICIT_RETAIN_SELF = YES;
				CLANG_WARN_OBJC_LITERAL_CONVERSION = YES;
				CLANG_WARN_OBJC_ROOT_CLASS = YES_ERROR;
				CLANG_WARN_QUOTED_INCLUDE_IN_FRAMEWORK_HEADER = YES;
				CLANG_WARN_RANGE_LOOP_ANALYSIS = YES;
				CLANG_WARN_STRICT_PROTOTYPES = YES;
				CLANG_WARN_SUSPICIOUS_MOVE = YES;
				CLANG_WARN_UNGUARDED_AVAILABILITY = YES_AGGRESSIVE;
				CLANG_WARN_UNREACHABLE_CODE = YES;
				CLANG_WARN__DUPLICATE_METHOD_MATCH = YES;
				COPY_PHASE_STRIP = NO;
				DEBUG_INFORMATION_FORMAT = dwarf;
				ENABLE_STRICT_OBJC_MSGSEND = YES;
				ENABLE_TESTABILITY = YES;
				GCC_C_LANGUAGE_STANDARD = gnu11;
				GCC_DYNAMIC_NO_PIC = NO;
				GCC_NO_COMMON_BLOCKS = YES;
				GCC_OPTIMIZATION_LEVEL = 0;
				GCC_PREPROCESSOR_DEFINITIONS = (
					"DEBUG=1",
					"$(inherited)",
				);
				GCC_WARN_64_TO_32_BIT_CONVERSION = YES;
				GCC_WARN_ABOUT_RETURN_TYPE = YES_ERROR;
				GCC_WARN_UNDECLARED_SELECTOR = YES;
				GCC_WARN_UNINITIALIZED_AUTOS = YES_AGGRESSIVE;
				GCC_WARN_UNUSED_FUNCTION = YES;
				GCC_WARN_UNUSED_VARIABLE = YES;
				IPHONEOS_DEPLOYMENT_TARGET = 16.1;
				MTL_ENABLE_DEBUG_INFO = INCLUDE_SOURCE;
				MTL_FAST_MATH = YES;
				ONLY_ACTIVE_ARCH = YES;
				SDKROOT = iphoneos;
				SWIFT_ACTIVE_COMPILATION_CONDITIONS = DEBUG;
				SWIFT_OPTIMIZATION_LEVEL = "-Onone";
			};
			name = Debug;
		};
		1DB5865D292839C200E51DB6 /* Release */ = {
			isa = XCBuildConfiguration;
			buildSettings = {
				ALWAYS_SEARCH_USER_PATHS = NO;
				CLANG_ANALYZER_NONNULL = YES;
				CLANG_ANALYZER_NUMBER_OBJECT_CONVERSION = YES_AGGRESSIVE;
				CLANG_CXX_LANGUAGE_STANDARD = "gnu++20";
				CLANG_ENABLE_MODULES = YES;
				CLANG_ENABLE_OBJC_ARC = YES;
				CLANG_ENABLE_OBJC_WEAK = YES;
				CLANG_WARN_BLOCK_CAPTURE_AUTORELEASING = YES;
				CLANG_WARN_BOOL_CONVERSION = YES;
				CLANG_WARN_COMMA = YES;
				CLANG_WARN_CONSTANT_CONVERSION = YES;
				CLANG_WARN_DEPRECATED_OBJC_IMPLEMENTATIONS = YES;
				CLANG_WARN_DIRECT_OBJC_ISA_USAGE = YES_ERROR;
				CLANG_WARN_DOCUMENTATION_COMMENTS = YES;
				CLANG_WARN_EMPTY_BODY = YES;
				CLANG_WARN_ENUM_CONVERSION = YES;
				CLANG_WARN_INFINITE_RECURSION = YES;
				CLANG_WARN_INT_CONVERSION = YES;
				CLANG_WARN_NON_LITERAL_NULL_CONVERSION = YES;
				CLANG_WARN_OBJC_IMPLICIT_RETAIN_SELF = YES;
				CLANG_WARN_OBJC_LITERAL_CONVERSION = YES;
				CLANG_WARN_OBJC_ROOT_CLASS = YES_ERROR;
				CLANG_WARN_QUOTED_INCLUDE_IN_FRAMEWORK_HEADER = YES;
				CLANG_WARN_RANGE_LOOP_ANALYSIS = YES;
				CLANG_WARN_STRICT_PROTOTYPES = YES;
				CLANG_WARN_SUSPICIOUS_MOVE = YES;
				CLANG_WARN_UNGUARDED_AVAILABILITY = YES_AGGRESSIVE;
				CLANG_WARN_UNREACHABLE_CODE = YES;
				CLANG_WARN__DUPLICATE_METHOD_MATCH = YES;
				COPY_PHASE_STRIP = NO;
				DEBUG_INFORMATION_FORMAT = "dwarf-with-dsym";
				ENABLE_NS_ASSERTIONS = NO;
				ENABLE_STRICT_OBJC_MSGSEND = YES;
				GCC_C_LANGUAGE_STANDARD = gnu11;
				GCC_NO_COMMON_BLOCKS = YES;
				GCC_WARN_64_TO_32_BIT_CONVERSION = YES;
				GCC_WARN_ABOUT_RETURN_TYPE = YES_ERROR;
				GCC_WARN_UNDECLARED_SELECTOR = YES;
				GCC_WARN_UNINITIALIZED_AUTOS = YES_AGGRESSIVE;
				GCC_WARN_UNUSED_FUNCTION = YES;
				GCC_WARN_UNUSED_VARIABLE = YES;
				IPHONEOS_DEPLOYMENT_TARGET = 16.1;
				MTL_ENABLE_DEBUG_INFO = NO;
				MTL_FAST_MATH = YES;
				SDKROOT = iphoneos;
				SWIFT_COMPILATION_MODE = wholemodule;
				SWIFT_OPTIMIZATION_LEVEL = "-O";
				VALIDATE_PRODUCT = YES;
			};
			name = Release;
		};
		1DB5865F292839C200E51DB6 /* Debug */ = {
			isa = XCBuildConfiguration;
			buildSettings = {
				ASSETCATALOG_COMPILER_APPICON_NAME = AppIcon;
				ASSETCATALOG_COMPILER_GLOBAL_ACCENT_COLOR_NAME = AccentColor;
				CODE_SIGN_STYLE = Automatic;
				CURRENT_PROJECT_VERSION = 1;
				DEVELOPMENT_ASSET_PATHS = "\"WeatherApp/Preview Content\"";
				ENABLE_PREVIEWS = YES;
				GENERATE_INFOPLIST_FILE = YES;
				INFOPLIST_KEY_UIApplicationSceneManifest_Generation = YES;
				INFOPLIST_KEY_UIApplicationSupportsIndirectInputEvents = YES;
				INFOPLIST_KEY_UILaunchScreen_Generation = YES;
				INFOPLIST_KEY_UISupportedInterfaceOrientations = UIInterfaceOrientationPortrait;
				INFOPLIST_KEY_UISupportedInterfaceOrientations_iPad = "UIInterfaceOrientationLandscapeLeft UIInterfaceOrientationLandscapeRight UIInterfaceOrientationPortrait UIInterfaceOrientationPortraitUpsideDown";
				LD_RUNPATH_SEARCH_PATHS = (
					"$(inherited)",
					"@executable_path/Frameworks",
				);
				MARKETING_VERSION = 1.0;
				PRODUCT_BUNDLE_IDENTIFIER = zwnep.WeatherApp;
				PRODUCT_NAME = "$(TARGET_NAME)";
				SUPPORTED_PLATFORMS = "iphoneos iphonesimulator";
				SUPPORTS_MACCATALYST = NO;
				SUPPORTS_MAC_DESIGNED_FOR_IPHONE_IPAD = YES;
				SWIFT_EMIT_LOC_STRINGS = YES;
				SWIFT_VERSION = 5.0;
				TARGETED_DEVICE_FAMILY = 1;
			};
			name = Debug;
		};
		1DB58660292839C200E51DB6 /* Release */ = {
			isa = XCBuildConfiguration;
			buildSettings = {
				ASSETCATALOG_COMPILER_APPICON_NAME = AppIcon;
				ASSETCATALOG_COMPILER_GLOBAL_ACCENT_COLOR_NAME = AccentColor;
				CODE_SIGN_STYLE = Automatic;
				CURRENT_PROJECT_VERSION = 1;
				DEVELOPMENT_ASSET_PATHS = "\"WeatherApp/Preview Content\"";
				ENABLE_PREVIEWS = YES;
				GENERATE_INFOPLIST_FILE = YES;
				INFOPLIST_KEY_UIApplicationSceneManifest_Generation = YES;
				INFOPLIST_KEY_UIApplicationSupportsIndirectInputEvents = YES;
				INFOPLIST_KEY_UILaunchScreen_Generation = YES;
				INFOPLIST_KEY_UISupportedInterfaceOrientations = UIInterfaceOrientationPortrait;
				INFOPLIST_KEY_UISupportedInterfaceOrientations_iPad = "UIInterfaceOrientationLandscapeLeft UIInterfaceOrientationLandscapeRight UIInterfaceOrientationPortrait UIInterfaceOrientationPortraitUpsideDown";
				LD_RUNPATH_SEARCH_PATHS = (
					"$(inherited)",
					"@executable_path/Frameworks",
				);
				MARKETING_VERSION = 1.0;
				PRODUCT_BUNDLE_IDENTIFIER = zwnep.WeatherApp;
				PRODUCT_NAME = "$(TARGET_NAME)";
				SUPPORTED_PLATFORMS = "iphoneos iphonesimulator";
				SUPPORTS_MACCATALYST = NO;
				SUPPORTS_MAC_DESIGNED_FOR_IPHONE_IPAD = YES;
				SWIFT_EMIT_LOC_STRINGS = YES;
				SWIFT_VERSION = 5.0;
				TARGETED_DEVICE_FAMILY = 1;
			};
			name = Release;
		};
/* End XCBuildConfiguration section */

/* Begin XCConfigurationList section */
		1DB5864B292839C100E51DB6 /* Build configuration list for PBXProject "WeatherApp" */ = {
			isa = XCConfigurationList;
			buildConfigurations = (
				1DB5865C292839C200E51DB6 /* Debug */,
				1DB5865D292839C200E51DB6 /* Release */,
			);
			defaultConfigurationIsVisible = 0;
			defaultConfigurationName = Release;
		};
		1DB5865E292839C200E51DB6 /* Build configuration list for PBXNativeTarget "WeatherApp" */ = {
			isa = XCConfigurationList;
			buildConfigurations = (
				1DB5865F292839C200E51DB6 /* Debug */,
				1DB58660292839C200E51DB6 /* Release */,
			);
			defaultConfigurationIsVisible = 0;
			defaultConfigurationName = Release;
		};
/* End XCConfigurationList section */
	};
	rootObject = 1DB58648292839C100E51DB6 /* Project object */;
}
